
Microsoft Visual Studio Solution File, Format Version 11.00
# Visual Studio 2010
Project("{FAE04EC0-301F-11D3-BF4B-00C04F79EFBC}") = "ViewerXNA", "ViewerXNA\ViewerXNA\ViewerXNA.csproj", "{B2B436B8-36D8-4777-92B0-05719CFEDF94}"
EndProject
Project("{FAE04EC0-301F-11D3-BF4B-00C04F79EFBC}") = "ViewerXNAContent", "ViewerXNA\ViewerXNAContent\ViewerXNAContent.contentproj", "{DD83E33C-695E-472A-B3A8-881CD1452319}"
EndProject
Project("{FAE04EC0-301F-11D3-BF4B-00C04F79EFBC}") = "ViewerMG", "ViewerMG\ViewerMG.csproj", "{0868B528-F0C7-4E04-83CE-26BAA701A9F7}"
EndProject
Project("{FAE04EC0-301F-11D3-BF4B-00C04F79EFBC}") = "MonoGame.Framework.Windows", "MonoGame\MonoGame.Framework\MonoGame.Framework.Windows.csproj", "{7DE47032-A904-4C29-BD22-2D235E8D91BA}"
EndProject
Project("{FAE04EC0-301F-11D3-BF4B-00C04F79EFBC}") = "MonoGame.Framework.Content.Pipeline.Windows", "MonoGame\MonoGame.Framework.Content.Pipeline\MonoGame.Framework.Content.Pipeline.Windows.csproj", "{B950DE10-AC5D-4BD9-B817-51247C4A732D}"
EndProject
Project("{FAE04EC0-301F-11D3-BF4B-00C04F79EFBC}") = "MGCB", "MonoGame\Tools\MGCB\MGCB.csproj", "{DCC0B1AD-8DC5-41C1-B6EC-404534CDEB32}"
EndProject
Project("{FAE04EC0-301F-11D3-BF4B-00C04F79EFBC}") = "Pipeline", "Pipeline\Pipeline.csproj", "{F76407DD-2347-4355-A5BA-1385A72C92C2}"
EndProject
Global
	GlobalSection(SolutionConfigurationPlatforms) = preSolution
		Debug|Any CPU = Debug|Any CPU
		Debug|Mixed Platforms = Debug|Mixed Platforms
		Debug|x86 = Debug|x86
		Release|Any CPU = Release|Any CPU
		Release|Mixed Platforms = Release|Mixed Platforms
		Release|x86 = Release|x86
	EndGlobalSection
	GlobalSection(ProjectConfigurationPlatforms) = postSolution
		{B2B436B8-36D8-4777-92B0-05719CFEDF94}.Debug|Any CPU.ActiveCfg = Debug|x86
		{B2B436B8-36D8-4777-92B0-05719CFEDF94}.Debug|Mixed Platforms.ActiveCfg = Debug|x86
		{B2B436B8-36D8-4777-92B0-05719CFEDF94}.Debug|Mixed Platforms.Build.0 = Debug|x86
		{B2B436B8-36D8-4777-92B0-05719CFEDF94}.Debug|x86.ActiveCfg = Debug|x86
		{B2B436B8-36D8-4777-92B0-05719CFEDF94}.Debug|x86.Build.0 = Debug|x86
		{B2B436B8-36D8-4777-92B0-05719CFEDF94}.Release|Any CPU.ActiveCfg = Release|x86
		{B2B436B8-36D8-4777-92B0-05719CFEDF94}.Release|Mixed Platforms.ActiveCfg = Release|x86
		{B2B436B8-36D8-4777-92B0-05719CFEDF94}.Release|Mixed Platforms.Build.0 = Release|x86
		{B2B436B8-36D8-4777-92B0-05719CFEDF94}.Release|x86.ActiveCfg = Release|x86
		{B2B436B8-36D8-4777-92B0-05719CFEDF94}.Release|x86.Build.0 = Release|x86
		{DD83E33C-695E-472A-B3A8-881CD1452319}.Debug|Any CPU.ActiveCfg = Debug|x86
		{DD83E33C-695E-472A-B3A8-881CD1452319}.Debug|Mixed Platforms.ActiveCfg = Debug|x86
		{DD83E33C-695E-472A-B3A8-881CD1452319}.Debug|x86.ActiveCfg = Debug|x86
		{DD83E33C-695E-472A-B3A8-881CD1452319}.Release|Any CPU.ActiveCfg = Release|x86
		{DD83E33C-695E-472A-B3A8-881CD1452319}.Release|Mixed Platforms.ActiveCfg = Release|x86
		{DD83E33C-695E-472A-B3A8-881CD1452319}.Release|x86.ActiveCfg = Release|x86
		{0868B528-F0C7-4E04-83CE-26BAA701A9F7}.Debug|Any CPU.ActiveCfg = Debug|x86
		{0868B528-F0C7-4E04-83CE-26BAA701A9F7}.Debug|Mixed Platforms.ActiveCfg = Debug|x86
		{0868B528-F0C7-4E04-83CE-26BAA701A9F7}.Debug|Mixed Platforms.Build.0 = Debug|x86
		{0868B528-F0C7-4E04-83CE-26BAA701A9F7}.Debug|x86.ActiveCfg = Debug|x86
		{0868B528-F0C7-4E04-83CE-26BAA701A9F7}.Debug|x86.Build.0 = Debug|x86
		{0868B528-F0C7-4E04-83CE-26BAA701A9F7}.Release|Any CPU.ActiveCfg = Release|x86
		{0868B528-F0C7-4E04-83CE-26BAA701A9F7}.Release|Mixed Platforms.ActiveCfg = Release|x86
		{0868B528-F0C7-4E04-83CE-26BAA701A9F7}.Release|Mixed Platforms.Build.0 = Release|x86
		{0868B528-F0C7-4E04-83CE-26BAA701A9F7}.Release|x86.ActiveCfg = Release|x86
		{0868B528-F0C7-4E04-83CE-26BAA701A9F7}.Release|x86.Build.0 = Release|x86
		{7DE47032-A904-4C29-BD22-2D235E8D91BA}.Debug|Any CPU.ActiveCfg = Debug|Any CPU
		{7DE47032-A904-4C29-BD22-2D235E8D91BA}.Debug|Any CPU.Build.0 = Debug|Any CPU
		{7DE47032-A904-4C29-BD22-2D235E8D91BA}.Debug|Mixed Platforms.ActiveCfg = Debug|Any CPU
		{7DE47032-A904-4C29-BD22-2D235E8D91BA}.Debug|Mixed Platforms.Build.0 = Debug|Any CPU
		{7DE47032-A904-4C29-BD22-2D235E8D91BA}.Debug|x86.ActiveCfg = Debug|Any CPU
		{7DE47032-A904-4C29-BD22-2D235E8D91BA}.Release|Any CPU.ActiveCfg = Release|Any CPU
		{7DE47032-A904-4C29-BD22-2D235E8D91BA}.Release|Any CPU.Build.0 = Release|Any CPU
		{7DE47032-A904-4C29-BD22-2D235E8D91BA}.Release|Mixed Platforms.ActiveCfg = Release|Any CPU
		{7DE47032-A904-4C29-BD22-2D235E8D91BA}.Release|Mixed Platforms.Build.0 = Release|Any CPU
		{7DE47032-A904-4C29-BD22-2D235E8D91BA}.Release|x86.ActiveCfg = Release|Any CPU
		{B950DE10-AC5D-4BD9-B817-51247C4A732D}.Debug|Any CPU.ActiveCfg = Debug|Any CPU
		{B950DE10-AC5D-4BD9-B817-51247C4A732D}.Debug|Any CPU.Build.0 = Debug|Any CPU
		{B950DE10-AC5D-4BD9-B817-51247C4A732D}.Debug|Mixed Platforms.ActiveCfg = Debug|Any CPU
		{B950DE10-AC5D-4BD9-B817-51247C4A732D}.Debug|Mixed Platforms.Build.0 = Debug|Any CPU
		{B950DE10-AC5D-4BD9-B817-51247C4A732D}.Debug|x86.ActiveCfg = Debug|Any CPU
		{B950DE10-AC5D-4BD9-B817-51247C4A732D}.Release|Any CPU.ActiveCfg = Release|Any CPU
		{B950DE10-AC5D-4BD9-B817-51247C4A732D}.Release|Any CPU.Build.0 = Release|Any CPU
		{B950DE10-AC5D-4BD9-B817-51247C4A732D}.Release|Mixed Platforms.ActiveCfg = Release|Any CPU
		{B950DE10-AC5D-4BD9-B817-51247C4A732D}.Release|Mixed Platforms.Build.0 = Release|Any CPU
		{B950DE10-AC5D-4BD9-B817-51247C4A732D}.Release|x86.ActiveCfg = Release|Any CPU
		{DCC0B1AD-8DC5-41C1-B6EC-404534CDEB32}.Debug|Any CPU.ActiveCfg = Debug|Any CPU
		{DCC0B1AD-8DC5-41C1-B6EC-404534CDEB32}.Debug|Any CPU.Build.0 = Debug|Any CPU
		{DCC0B1AD-8DC5-41C1-B6EC-404534CDEB32}.Debug|Mixed Platforms.ActiveCfg = Debug|Any CPU
		{DCC0B1AD-8DC5-41C1-B6EC-404534CDEB32}.Debug|Mixed Platforms.Build.0 = Debug|Any CPU
		{DCC0B1AD-8DC5-41C1-B6EC-404534CDEB32}.Debug|x86.ActiveCfg = Debug|Any CPU
		{DCC0B1AD-8DC5-41C1-B6EC-404534CDEB32}.Release|Any CPU.ActiveCfg = Release|Any CPU
		{DCC0B1AD-8DC5-41C1-B6EC-404534CDEB32}.Release|Any CPU.Build.0 = Release|Any CPU
		{DCC0B1AD-8DC5-41C1-B6EC-404534CDEB32}.Release|Mixed Platforms.ActiveCfg = Release|Any CPU
		{DCC0B1AD-8DC5-41C1-B6EC-404534CDEB32}.Release|Mixed Platforms.Build.0 = Release|Any CPU
		{DCC0B1AD-8DC5-41C1-B6EC-404534CDEB32}.Release|x86.ActiveCfg = Release|Any CPU
		{F76407DD-2347-4355-A5BA-1385A72C92C2}.Debug|Any CPU.ActiveCfg = Debug|x86
		{F76407DD-2347-4355-A5BA-1385A72C92C2}.Debug|Any CPU.Build.0 = Debug|x86
		{F76407DD-2347-4355-A5BA-1385A72C92C2}.Debug|Mixed Platforms.ActiveCfg = Debug|x86
		{F76407DD-2347-4355-A5BA-1385A72C92C2}.Debug|Mixed Platforms.Build.0 = Debug|x86
		{F76407DD-2347-4355-A5BA-1385A72C92C2}.Debug|x86.ActiveCfg = Debug|x86
		{F76407DD-2347-4355-A5BA-1385A72C92C2}.Debug|x86.Build.0 = Debug|x86
		{F76407DD-2347-4355-A5BA-1385A72C92C2}.Release|Any CPU.ActiveCfg = Release|x86
		{F76407DD-2347-4355-A5BA-1385A72C92C2}.Release|Any CPU.Build.0 = Release|x86
		{F76407DD-2347-4355-A5BA-1385A72C92C2}.Release|Mixed Platforms.ActiveCfg = Release|x86
		{F76407DD-2347-4355-A5BA-1385A72C92C2}.Release|Mixed Platforms.Build.0 = Release|x86
		{F76407DD-2347-4355-A5BA-1385A72C92C2}.Release|x86.ActiveCfg = Release|x86
		{F76407DD-2347-4355-A5BA-1385A72C92C2}.Release|x86.Build.0 = Release|x86
	EndGlobalSection
	GlobalSection(SolutionProperties) = preSolution
		HideSolutionNode = FALSE
	EndGlobalSection
EndGlobal
